
Microsoft Visual Studio Solution File, Format Version 12.00
# Visual Studio 2010
Project("{FAE04EC0-301F-11D3-BF4B-00C04F79EFBC}") = "UrbanBlimp.Tests", "UrbanBlimp.Tests\UrbanBlimp.Tests.csproj", "{A80AB19C-174F-4CDA-8925-6152A32D33CB}"
EndProject
Project("{2150E333-8FDC-42A3-9474-1A3956D46DE8}") = ".nuget", ".nuget", "{66B7D097-0BA3-4AB8-AFB4-4890CEE67587}"
	ProjectSection(SolutionItems) = preProject
		.nuget\packages.config = .nuget\packages.config
	EndProjectSection
EndProject
Project("{FAE04EC0-301F-11D3-BF4B-00C04F79EFBC}") = "Nuget", "NuGet\Nuget.csproj", "{63786CE5-D899-43DF-AD4E-C2CA3BAC3FC2}"
EndProject
Project("{FAE04EC0-301F-11D3-BF4B-00C04F79EFBC}") = "UrbanBlimpIOS", "UrbanBlimp\UrbanBlimpIOS.csproj", "{6223A897-759F-474E-AD22-6E585AE2DED6}"
EndProject
Project("{FAE04EC0-301F-11D3-BF4B-00C04F79EFBC}") = "UrbanBlimpDotNet", "UrbanBlimp\UrbanBlimpDotNet.csproj", "{05684E8A-4767-48F2-9F65-FA6EB44F37F5}"
EndProject
Project("{FAE04EC0-301F-11D3-BF4B-00C04F79EFBC}") = "UrbanBlimpAndroid", "UrbanBlimp\UrbanBlimpAndroid.csproj", "{26EACC7B-5B57-40C6-AF8A-37A77682A01E}"
EndProject
Project("{FAE04EC0-301F-11D3-BF4B-00C04F79EFBC}") = "Samples", "Samples\Samples.csproj", "{84D1B56E-B6B2-44E7-9A6A-6DEBCB59143F}"
EndProject
Global
	GlobalSection(SolutionConfigurationPlatforms) = preSolution
		Debug|Any CPU = Debug|Any CPU
		Debug|Mixed Platforms = Debug|Mixed Platforms
		Release|Any CPU = Release|Any CPU
		Release|Mixed Platforms = Release|Mixed Platforms
	EndGlobalSection
	GlobalSection(ProjectConfigurationPlatforms) = postSolution
		{A80AB19C-174F-4CDA-8925-6152A32D33CB}.Debug|Any CPU.ActiveCfg = Debug|Any CPU
		{A80AB19C-174F-4CDA-8925-6152A32D33CB}.Debug|Any CPU.Build.0 = Debug|Any CPU
		{A80AB19C-174F-4CDA-8925-6152A32D33CB}.Debug|Mixed Platforms.ActiveCfg = Debug|Any CPU
		{A80AB19C-174F-4CDA-8925-6152A32D33CB}.Debug|Mixed Platforms.Build.0 = Debug|Any CPU
		{A80AB19C-174F-4CDA-8925-6152A32D33CB}.Release|Any CPU.ActiveCfg = Release|Any CPU
		{A80AB19C-174F-4CDA-8925-6152A32D33CB}.Release|Any CPU.Build.0 = Release|Any CPU
		{A80AB19C-174F-4CDA-8925-6152A32D33CB}.Release|Mixed Platforms.ActiveCfg = Release|Any CPU
		{A80AB19C-174F-4CDA-8925-6152A32D33CB}.Release|Mixed Platforms.Build.0 = Release|Any CPU
		{63786CE5-D899-43DF-AD4E-C2CA3BAC3FC2}.Debug|Any CPU.ActiveCfg = Debug|Any CPU
		{63786CE5-D899-43DF-AD4E-C2CA3BAC3FC2}.Debug|Any CPU.Build.0 = Debug|Any CPU
		{63786CE5-D899-43DF-AD4E-C2CA3BAC3FC2}.Debug|Mixed Platforms.ActiveCfg = Debug|Any CPU
		{63786CE5-D899-43DF-AD4E-C2CA3BAC3FC2}.Debug|Mixed Platforms.Build.0 = Debug|Any CPU
		{63786CE5-D899-43DF-AD4E-C2CA3BAC3FC2}.Release|Any CPU.ActiveCfg = Release|Any CPU
		{63786CE5-D899-43DF-AD4E-C2CA3BAC3FC2}.Release|Any CPU.Build.0 = Release|Any CPU
		{63786CE5-D899-43DF-AD4E-C2CA3BAC3FC2}.Release|Mixed Platforms.ActiveCfg = Release|Any CPU
		{63786CE5-D899-43DF-AD4E-C2CA3BAC3FC2}.Release|Mixed Platforms.Build.0 = Release|Any CPU
		{6223A897-759F-474E-AD22-6E585AE2DED6}.Debug|Any CPU.ActiveCfg = Debug|Any CPU
		{6223A897-759F-474E-AD22-6E585AE2DED6}.Debug|Any CPU.Build.0 = Debug|Any CPU
		{6223A897-759F-474E-AD22-6E585AE2DED6}.Debug|Mixed Platforms.ActiveCfg = Debug|Any CPU
		{6223A897-759F-474E-AD22-6E585AE2DED6}.Debug|Mixed Platforms.Build.0 = Debug|Any CPU
		{6223A897-759F-474E-AD22-6E585AE2DED6}.Release|Any CPU.ActiveCfg = Release|Any CPU
		{6223A897-759F-474E-AD22-6E585AE2DED6}.Release|Any CPU.Build.0 = Release|Any CPU
		{6223A897-759F-474E-AD22-6E585AE2DED6}.Release|Mixed Platforms.ActiveCfg = Release|Any CPU
		{6223A897-759F-474E-AD22-6E585AE2DED6}.Release|Mixed Platforms.Build.0 = Release|Any CPU
		{05684E8A-4767-48F2-9F65-FA6EB44F37F5}.Debug|Any CPU.ActiveCfg = Debug|Any CPU
		{05684E8A-4767-48F2-9F65-FA6EB44F37F5}.Debug|Any CPU.Build.0 = Debug|Any CPU
		{05684E8A-4767-48F2-9F65-FA6EB44F37F5}.Debug|Mixed Platforms.ActiveCfg = Debug|Any CPU
		{05684E8A-4767-48F2-9F65-FA6EB44F37F5}.Debug|Mixed Platforms.Build.0 = Debug|Any CPU
		{05684E8A-4767-48F2-9F65-FA6EB44F37F5}.Release|Any CPU.ActiveCfg = Release|Any CPU
		{05684E8A-4767-48F2-9F65-FA6EB44F37F5}.Release|Any CPU.Build.0 = Release|Any CPU
		{05684E8A-4767-48F2-9F65-FA6EB44F37F5}.Release|Mixed Platforms.ActiveCfg = Release|Any CPU
		{05684E8A-4767-48F2-9F65-FA6EB44F37F5}.Release|Mixed Platforms.Build.0 = Release|Any CPU
		{26EACC7B-5B57-40C6-AF8A-37A77682A01E}.Debug|Any CPU.ActiveCfg = Debug|Any CPU
		{26EACC7B-5B57-40C6-AF8A-37A77682A01E}.Debug|Any CPU.Build.0 = Debug|Any CPU
		{26EACC7B-5B57-40C6-AF8A-37A77682A01E}.Debug|Mixed Platforms.ActiveCfg = Debug|Any CPU
		{26EACC7B-5B57-40C6-AF8A-37A77682A01E}.Debug|Mixed Platforms.Build.0 = Debug|Any CPU
		{26EACC7B-5B57-40C6-AF8A-37A77682A01E}.Release|Any CPU.ActiveCfg = Release|Any CPU
		{26EACC7B-5B57-40C6-AF8A-37A77682A01E}.Release|Any CPU.Build.0 = Release|Any CPU
		{26EACC7B-5B57-40C6-AF8A-37A77682A01E}.Release|Mixed Platforms.ActiveCfg = Release|Any CPU
		{26EACC7B-5B57-40C6-AF8A-37A77682A01E}.Release|Mixed Platforms.Build.0 = Release|Any CPU
		{84D1B56E-B6B2-44E7-9A6A-6DEBCB59143F}.Debug|Any CPU.ActiveCfg = Debug|Any CPU
		{84D1B56E-B6B2-44E7-9A6A-6DEBCB59143F}.Debug|Any CPU.Build.0 = Debug|Any CPU
		{84D1B56E-B6B2-44E7-9A6A-6DEBCB59143F}.Debug|Mixed Platforms.ActiveCfg = Debug|Any CPU
		{84D1B56E-B6B2-44E7-9A6A-6DEBCB59143F}.Debug|Mixed Platforms.Build.0 = Debug|Any CPU
		{84D1B56E-B6B2-44E7-9A6A-6DEBCB59143F}.Release|Any CPU.ActiveCfg = Release|Any CPU
		{84D1B56E-B6B2-44E7-9A6A-6DEBCB59143F}.Release|Any CPU.Build.0 = Release|Any CPU
		{84D1B56E-B6B2-44E7-9A6A-6DEBCB59143F}.Release|Mixed Platforms.ActiveCfg = Release|Any CPU
		{84D1B56E-B6B2-44E7-9A6A-6DEBCB59143F}.Release|Mixed Platforms.Build.0 = Release|Any CPU
	EndGlobalSection
	GlobalSection(SolutionProperties) = preSolution
		HideSolutionNode = FALSE
	EndGlobalSection
	GlobalSection(MonoDevelopProperties) = preSolution
		StartupItem = SmartravellerServer\SmartravellerServer.csproj
	EndGlobalSection
	GlobalSection(SubversionScc) = preSolution
		Manager = AnkhSVN - Subversion Support for Visual Studio
		Svn-Managed = True
	EndGlobalSection
EndGlobal
