
Microsoft Visual Studio Solution File, Format Version 12.00
# Visual Studio 11
Project("{FAE04EC0-301F-11D3-BF4B-00C04F79EFBC}") = "UrbanBlimp", "UrbanAirship\UrbanBlimp.csproj", "{05684E8A-4767-48F2-9F65-FA6EB44F37F5}"
EndProject
Project("{FAE04EC0-301F-11D3-BF4B-00C04F79EFBC}") = "UrbanBlimp.Tests", "UrbanAirship.Tests\UrbanBlimp.Tests.csproj", "{A80AB19C-174F-4CDA-8925-6152A32D33CB}"
EndProject
Project("{2150E333-8FDC-42A3-9474-1A3956D46DE8}") = ".nuget", ".nuget", "{66B7D097-0BA3-4AB8-AFB4-4890CEE67587}"
	ProjectSection(SolutionItems) = preProject
		.nuget\packages.config = .nuget\packages.config
	EndProjectSection
EndProject
Project("{FAE04EC0-301F-11D3-BF4B-00C04F79EFBC}") = "UrbanBlimpMonoTouch", "UrbanAirship\UrbanBlimpMonoTouch.csproj", "{6AD44BD3-70BF-4DE9-A84E-1A19B74CB1E8}"
EndProject
Project("{FAE04EC0-301F-11D3-BF4B-00C04F79EFBC}") = "Nuget", "NuGet\Nuget.csproj", "{63786CE5-D899-43DF-AD4E-C2CA3BAC3FC2}"
EndProject
Global
	GlobalSection(SolutionConfigurationPlatforms) = preSolution
		Debug|Any CPU = Debug|Any CPU
		Debug|Mixed Platforms = Debug|Mixed Platforms
		Release|Any CPU = Release|Any CPU
		Release|Mixed Platforms = Release|Mixed Platforms
	EndGlobalSection
	GlobalSection(ProjectConfigurationPlatforms) = postSolution
		{05684E8A-4767-48F2-9F65-FA6EB44F37F5}.Debug|Any CPU.ActiveCfg = Debug|Any CPU
		{05684E8A-4767-48F2-9F65-FA6EB44F37F5}.Debug|Any CPU.Build.0 = Debug|Any CPU
		{05684E8A-4767-48F2-9F65-FA6EB44F37F5}.Debug|Mixed Platforms.ActiveCfg = Debug|Any CPU
		{05684E8A-4767-48F2-9F65-FA6EB44F37F5}.Debug|Mixed Platforms.Build.0 = Debug|Any CPU
		{05684E8A-4767-48F2-9F65-FA6EB44F37F5}.Release|Any CPU.ActiveCfg = Release|Any CPU
		{05684E8A-4767-48F2-9F65-FA6EB44F37F5}.Release|Any CPU.Build.0 = Release|Any CPU
		{05684E8A-4767-48F2-9F65-FA6EB44F37F5}.Release|Mixed Platforms.ActiveCfg = Release|Any CPU
		{05684E8A-4767-48F2-9F65-FA6EB44F37F5}.Release|Mixed Platforms.Build.0 = Release|Any CPU
		{63786CE5-D899-43DF-AD4E-C2CA3BAC3FC2}.Debug|Any CPU.ActiveCfg = Debug|Any CPU
		{63786CE5-D899-43DF-AD4E-C2CA3BAC3FC2}.Debug|Any CPU.Build.0 = Debug|Any CPU
		{63786CE5-D899-43DF-AD4E-C2CA3BAC3FC2}.Debug|Mixed Platforms.ActiveCfg = Debug|Any CPU
		{63786CE5-D899-43DF-AD4E-C2CA3BAC3FC2}.Debug|Mixed Platforms.Build.0 = Debug|Any CPU
		{63786CE5-D899-43DF-AD4E-C2CA3BAC3FC2}.Release|Any CPU.ActiveCfg = Release|Any CPU
		{63786CE5-D899-43DF-AD4E-C2CA3BAC3FC2}.Release|Any CPU.Build.0 = Release|Any CPU
		{63786CE5-D899-43DF-AD4E-C2CA3BAC3FC2}.Release|Mixed Platforms.ActiveCfg = Release|Any CPU
		{63786CE5-D899-43DF-AD4E-C2CA3BAC3FC2}.Release|Mixed Platforms.Build.0 = Release|Any CPU
		{6AD44BD3-70BF-4DE9-A84E-1A19B74CB1E8}.Debug|Any CPU.ActiveCfg = Debug|Any CPU
		{6AD44BD3-70BF-4DE9-A84E-1A19B74CB1E8}.Debug|Any CPU.Build.0 = Debug|Any CPU
		{6AD44BD3-70BF-4DE9-A84E-1A19B74CB1E8}.Debug|Mixed Platforms.ActiveCfg = Debug|Any CPU
		{6AD44BD3-70BF-4DE9-A84E-1A19B74CB1E8}.Debug|Mixed Platforms.Build.0 = Debug|Any CPU
		{6AD44BD3-70BF-4DE9-A84E-1A19B74CB1E8}.Release|Any CPU.ActiveCfg = Release|Any CPU
		{6AD44BD3-70BF-4DE9-A84E-1A19B74CB1E8}.Release|Any CPU.Build.0 = Release|Any CPU
		{6AD44BD3-70BF-4DE9-A84E-1A19B74CB1E8}.Release|Mixed Platforms.ActiveCfg = Release|Any CPU
		{6AD44BD3-70BF-4DE9-A84E-1A19B74CB1E8}.Release|Mixed Platforms.Build.0 = Release|Any CPU
		{A80AB19C-174F-4CDA-8925-6152A32D33CB}.Debug|Any CPU.ActiveCfg = Debug|Any CPU
		{A80AB19C-174F-4CDA-8925-6152A32D33CB}.Debug|Any CPU.Build.0 = Debug|Any CPU
		{A80AB19C-174F-4CDA-8925-6152A32D33CB}.Debug|Mixed Platforms.ActiveCfg = Debug|Any CPU
		{A80AB19C-174F-4CDA-8925-6152A32D33CB}.Debug|Mixed Platforms.Build.0 = Debug|Any CPU
		{A80AB19C-174F-4CDA-8925-6152A32D33CB}.Release|Any CPU.ActiveCfg = Release|Any CPU
		{A80AB19C-174F-4CDA-8925-6152A32D33CB}.Release|Any CPU.Build.0 = Release|Any CPU
		{A80AB19C-174F-4CDA-8925-6152A32D33CB}.Release|Mixed Platforms.ActiveCfg = Release|Any CPU
		{A80AB19C-174F-4CDA-8925-6152A32D33CB}.Release|Mixed Platforms.Build.0 = Release|Any CPU
	EndGlobalSection
	GlobalSection(SolutionProperties) = preSolution
		HideSolutionNode = FALSE
	EndGlobalSection
	GlobalSection(MonoDevelopProperties) = preSolution
		StartupItem = SmartravellerServer\SmartravellerServer.csproj
	EndGlobalSection
	GlobalSection(SubversionScc) = preSolution
		Manager = AnkhSVN - Subversion Support for Visual Studio
		Svn-Managed = True
	EndGlobalSection
EndGlobal
